Microsoft Visual Studio Solution File, Format Version 11.00
# Visual Studio 2008

Project("{7E460B85-7266-DFD0-78F9-A0A11867F088}") = "Experiments in ai", "Assembly-CSharp-vs.csproj", "{00094FA7-C7C0-4632-D0EB-FC8EBF06CB55}"
EndProject
Project("{7E460B85-7266-DFD0-78F9-A0A11867F088}") = "Experiments in ai", "Assembly-CSharp-Editor-vs.csproj", "{E42C119D-B6E3-A7F0-EE53-A55810A2A72B}"
EndProject
Global
	GlobalSection(SolutionConfigurationPlatforms) = preSolution
		Debug|Any CPU = Debug|Any CPU
		Release|Any CPU = Release|Any CPU
	EndGlobalSection
	GlobalSection(ProjectConfigurationPlatforms) = postSolution
		{00094FA7-C7C0-4632-D0EB-FC8EBF06CB55}.Debug|Any CPU.ActiveCfg = Debug|Any CPU
		{00094FA7-C7C0-4632-D0EB-FC8EBF06CB55}.Debug|Any CPU.Build.0 = Debug|Any CPU
		{00094FA7-C7C0-4632-D0EB-FC8EBF06CB55}.Release|Any CPU.ActiveCfg = Release|Any CPU
		{00094FA7-C7C0-4632-D0EB-FC8EBF06CB55}.Release|Any CPU.Build.0 = Release|Any CPU
		{E42C119D-B6E3-A7F0-EE53-A55810A2A72B}.Debug|Any CPU.ActiveCfg = Debug|Any CPU
		{E42C119D-B6E3-A7F0-EE53-A55810A2A72B}.Debug|Any CPU.Build.0 = Debug|Any CPU
		{E42C119D-B6E3-A7F0-EE53-A55810A2A72B}.Release|Any CPU.ActiveCfg = Release|Any CPU
		{E42C119D-B6E3-A7F0-EE53-A55810A2A72B}.Release|Any CPU.Build.0 = Release|Any CPU
	EndGlobalSection
	GlobalSection(SolutionProperties) = preSolution
		HideSolutionNode = FALSE
	EndGlobalSection
																		GlobalSection(MonoDevelopProperties) = preSolution
		StartupItem = Assembly-CSharp.csproj
		Policies = $0
		$0.TextStylePolicy = $1
		$1.inheritsSet = null
		$1.scope = text/x-csharp
		$0.CSharpFormattingPolicy = $2
		$2.inheritsSet = Mono
		$2.inheritsScope = text/x-csharp
		$2.scope = text/x-csharp
		$0.TextStylePolicy = $3
		$3.FileWidth = 120
		$3.TabWidth = 4
		$3.IndentWidth = 4
		$3.EolMarker = Unix
		$3.inheritsSet = Mono
		$3.inheritsScope = text/plain
		$3.scope = text/plain
	EndGlobalSection

EndGlobal
